
Microsoft Visual Studio Solution File, Format Version 12.00
# Visual Studio Version 16
VisualStudioVersion = 16.0.31410.357
MinimumVisualStudioVersion = 10.0.40219.1
Project("{FAE04EC0-301F-11D3-BF4B-00C04F79EFBC}") = "MVVMSample011", "MVVMSample011\MVVMSample011.csproj", "{439DFCCF-7705-40E0-9EDE-848152311945}"
EndProject
Global
	GlobalSection(SolutionConfigurationPlatforms) = preSolution
		Debug|Any CPU = Debug|Any CPU
		Release|Any CPU = Release|Any CPU
	EndGlobalSection
	GlobalSection(ProjectConfigurationPlatforms) = postSolution
		{439DFCCF-7705-40E0-9EDE-848152311945}.Debug|Any CPU.ActiveCfg = Debug|Any CPU
		{439DFCCF-7705-40E0-9EDE-848152311945}.Debug|Any CPU.Build.0 = Debug|Any CPU
		{439DFCCF-7705-40E0-9EDE-848152311945}.Release|Any CPU.ActiveCfg = Release|Any CPU
		{439DFCCF-7705-40E0-9EDE-848152311945}.Release|Any CPU.Build.0 = Release|Any CPU
	EndGlobalSection
	GlobalSection(SolutionProperties) = preSolution
		HideSolutionNode = FALSE
	EndGlobalSection
	GlobalSection(ExtensibilityGlobals) = postSolution
		SolutionGuid = {22EE6139-9B00-4925-8C41-E875F850E263}
	EndGlobalSection
EndGlobal
